// !$*UTF8*$!
{
	archiveVersion = 1;
	classes = {
	};
	objectVersion = 50;
	objects = {

/* Begin PBXBuildFile section */
		660E6B24260DC7A600C0B55B /* TripsController+CreateTrip.swift in Sources */ = {isa = PBXBuildFile; fileRef = 660E6B23260DC7A600C0B55B /* TripsController+CreateTrip.swift */; };
		660E6B28260DCA3A00C0B55B /* TripsController+TableView.swift in Sources */ = {isa = PBXBuildFile; fileRef = 660E6B27260DCA3A00C0B55B /* TripsController+TableView.swift */; };
		6691AE5D260B787F00C1CF2A /* AppDelegate.swift in Sources */ = {isa = PBXBuildFile; fileRef = 6691AE5C260B787F00C1CF2A /* AppDelegate.swift */; };
		6691AE5F260B787F00C1CF2A /* SceneDelegate.swift in Sources */ = {isa = PBXBuildFile; fileRef = 6691AE5E260B787F00C1CF2A /* SceneDelegate.swift */; };
		6691AE61260B787F00C1CF2A /* TripsController.swift in Sources */ = {isa = PBXBuildFile; fileRef = 6691AE60260B787F00C1CF2A /* TripsController.swift */; };
		6691AE64260B787F00C1CF2A /* Main.storyboard in Resources */ = {isa = PBXBuildFile; fileRef = 6691AE62260B787F00C1CF2A /* Main.storyboard */; };
		6691AE66260B788000C1CF2A /* Assets.xcassets in Resources */ = {isa = PBXBuildFile; fileRef = 6691AE65260B788000C1CF2A /* Assets.xcassets */; };
		6691AE69260B788000C1CF2A /* LaunchScreen.storyboard in Resources */ = {isa = PBXBuildFile; fileRef = 6691AE67260B788000C1CF2A /* LaunchScreen.storyboard */; };
		6691AE72260B789700C1CF2A /* .gitignore in Resources */ = {isa = PBXBuildFile; fileRef = 6691AE71260B789700C1CF2A /* .gitignore */; };
		6691AE75260B967500C1CF2A /* CustomNavigationController.swift in Sources */ = {isa = PBXBuildFile; fileRef = 6691AE74260B967500C1CF2A /* CustomNavigationController.swift */; };
		6691AE79260B9F5300C1CF2A /* Extensions.swift in Sources */ = {isa = PBXBuildFile; fileRef = 6691AE78260B9F5300C1CF2A /* Extensions.swift */; };
		6691AE80260BBD5800C1CF2A /* CreateTripController.swift in Sources */ = {isa = PBXBuildFile; fileRef = 6691AE7F260BBD5800C1CF2A /* CreateTripController.swift */; };
		6691AE89260C868300C1CF2A /* RememberYourTripModel.xcdatamodeld in Sources */ = {isa = PBXBuildFile; fileRef = 6691AE87260C868300C1CF2A /* RememberYourTripModel.xcdatamodeld */; };
		6691AE93260C968200C1CF2A /* CoreDataManager.swift in Sources */ = {isa = PBXBuildFile; fileRef = 6691AE92260C968200C1CF2A /* CoreDataManager.swift */; };
		6691AE97260CF91D00C1CF2A /* TripsCustomCell.swift in Sources */ = {isa = PBXBuildFile; fileRef = 6691AE96260CF91D00C1CF2A /* TripsCustomCell.swift */; };
/* End PBXBuildFile section */

/* Begin PBXFileReference section */
		660E6B23260DC7A600C0B55B /* TripsController+CreateTrip.swift */ = {isa = PBXFileReference; lastKnownFileType = sourcecode.swift; path = "TripsController+CreateTrip.swift"; sourceTree = "<group>"; };
		660E6B27260DCA3A00C0B55B /* TripsController+TableView.swift */ = {isa = PBXFileReference; lastKnownFileType = sourcecode.swift; path = "TripsController+TableView.swift"; sourceTree = "<group>"; };
		6691AE59260B787F00C1CF2A /* RememberYourTrip.app */ = {isa = PBXFileReference; explicitFileType = wrapper.application; includeInIndex = 0; path = RememberYourTrip.app; sourceTree = BUILT_PRODUCTS_DIR; };
		6691AE5C260B787F00C1CF2A /* AppDelegate.swift */ = {isa = PBXFileReference; lastKnownFileType = sourcecode.swift; path = AppDelegate.swift; sourceTree = "<group>"; };
		6691AE5E260B787F00C1CF2A /* SceneDelegate.swift */ = {isa = PBXFileReference; lastKnownFileType = sourcecode.swift; path = SceneDelegate.swift; sourceTree = "<group>"; };
		6691AE60260B787F00C1CF2A /* TripsController.swift */ = {isa = PBXFileReference; lastKnownFileType = sourcecode.swift; path = TripsController.swift; sourceTree = "<group>"; };
		6691AE63260B787F00C1CF2A /* Base */ = {isa = PBXFileReference; lastKnownFileType = file.storyboard; name = Base; path = Base.lproj/Main.storyboard; sourceTree = "<group>"; };
		6691AE65260B788000C1CF2A /* Assets.xcassets */ = {isa = PBXFileReference; lastKnownFileType = folder.assetcatalog; path = Assets.xcassets; sourceTree = "<group>"; };
		6691AE68260B788000C1CF2A /* Base */ = {isa = PBXFileReference; lastKnownFileType = file.storyboard; name = Base; path = Base.lproj/LaunchScreen.storyboard; sourceTree = "<group>"; };
		6691AE6A260B788000C1CF2A /* Info.plist */ = {isa = PBXFileReference; lastKnownFileType = text.plist.xml; path = Info.plist; sourceTree = "<group>"; };
		6691AE71260B789700C1CF2A /* .gitignore */ = {isa = PBXFileReference; lastKnownFileType = text; path = .gitignore; sourceTree = "<group>"; };
		6691AE74260B967500C1CF2A /* CustomNavigationController.swift */ = {isa = PBXFileReference; lastKnownFileType = sourcecode.swift; path = CustomNavigationController.swift; sourceTree = "<group>"; };
		6691AE78260B9F5300C1CF2A /* Extensions.swift */ = {isa = PBXFileReference; lastKnownFileType = sourcecode.swift; path = Extensions.swift; sourceTree = "<group>"; };
		6691AE7F260BBD5800C1CF2A /* CreateTripController.swift */ = {isa = PBXFileReference; lastKnownFileType = sourcecode.swift; path = CreateTripController.swift; sourceTree = "<group>"; };
		6691AE88260C868300C1CF2A /* RememberYourTripModel.xcdatamodel */ = {isa = PBXFileReference; lastKnownFileType = wrapper.xcdatamodel; path = RememberYourTripModel.xcdatamodel; sourceTree = "<group>"; };
		6691AE92260C968200C1CF2A /* CoreDataManager.swift */ = {isa = PBXFileReference; lastKnownFileType = sourcecode.swift; path = CoreDataManager.swift; sourceTree = "<group>"; };
		6691AE96260CF91D00C1CF2A /* TripsCustomCell.swift */ = {isa = PBXFileReference; lastKnownFileType = sourcecode.swift; path = TripsCustomCell.swift; sourceTree = "<group>"; };
/* End PBXFileReference section */

/* Begin PBXFrameworksBuildPhase section */
		6691AE56260B787F00C1CF2A /* Frameworks */ = {
			isa = PBXFrameworksBuildPhase;
			buildActionMask = 2147483647;
			files = (
			);
			runOnlyForDeploymentPostprocessing = 0;
		};
/* End PBXFrameworksBuildPhase section */

/* Begin PBXGroup section */
		6691AE50260B787F00C1CF2A = {
			isa = PBXGroup;
			children = (
				6691AE5B260B787F00C1CF2A /* RememberYourTrip */,
				6691AE5A260B787F00C1CF2A /* Products */,
			);
			sourceTree = "<group>";
		};
		6691AE5A260B787F00C1CF2A /* Products */ = {
			isa = PBXGroup;
			children = (
				6691AE59260B787F00C1CF2A /* RememberYourTrip.app */,
			);
			name = Products;
			sourceTree = "<group>";
		};
		6691AE5B260B787F00C1CF2A /* RememberYourTrip */ = {
			isa = PBXGroup;
			children = (
				6691AEA8260D0EFC00C1CF2A /* AppSceneDelegate */,
				6691AE99260D0DF900C1CF2A /* TripsMainScreen */,
				6691AE9B260D0E1700C1CF2A /* CreateEditTripScreen */,
				6691AE9E260D0E3A00C1CF2A /* Models */,
				6691AEA4260D0E8000C1CF2A /* Utilities */,
				6691AEA7260D0EDF00C1CF2A /* Storyboards */,
				6691AE65260B788000C1CF2A /* Assets.xcassets */,
				6691AE87260C868300C1CF2A /* RememberYourTripModel.xcdatamodeld */,
				6691AE6A260B788000C1CF2A /* Info.plist */,
				6691AE71260B789700C1CF2A /* .gitignore */,
			);
			path = RememberYourTrip;
			sourceTree = "<group>";
		};
		6691AE99260D0DF900C1CF2A /* TripsMainScreen */ = {
			isa = PBXGroup;
			children = (
				6691AE60260B787F00C1CF2A /* TripsController.swift */,
				6691AE96260CF91D00C1CF2A /* TripsCustomCell.swift */,
				660E6B23260DC7A600C0B55B /* TripsController+CreateTrip.swift */,
				660E6B27260DCA3A00C0B55B /* TripsController+TableView.swift */,
			);
			path = TripsMainScreen;
			sourceTree = "<group>";
		};
		6691AE9B260D0E1700C1CF2A /* CreateEditTripScreen */ = {
			isa = PBXGroup;
			children = (
				6691AE7F260BBD5800C1CF2A /* CreateTripController.swift */,
			);
			path = CreateEditTripScreen;
			sourceTree = "<group>";
		};
		6691AE9E260D0E3A00C1CF2A /* Models */ = {
			isa = PBXGroup;
			children = (
				6691AE92260C968200C1CF2A /* CoreDataManager.swift */,
			);
			path = Models;
			sourceTree = "<group>";
		};
		6691AEA4260D0E8000C1CF2A /* Utilities */ = {
			isa = PBXGroup;
			children = (
				6691AE78260B9F5300C1CF2A /* Extensions.swift */,
				6691AE74260B967500C1CF2A /* CustomNavigationController.swift */,
			);
			path = Utilities;
			sourceTree = "<group>";
		};
		6691AEA7260D0EDF00C1CF2A /* Storyboards */ = {
			isa = PBXGroup;
			children = (
				6691AE62260B787F00C1CF2A /* Main.storyboard */,
				6691AE67260B788000C1CF2A /* LaunchScreen.storyboard */,
			);
			path = Storyboards;
			sourceTree = "<group>";
		};
		6691AEA8260D0EFC00C1CF2A /* AppSceneDelegate */ = {
			isa = PBXGroup;
			children = (
				6691AE5C260B787F00C1CF2A /* AppDelegate.swift */,
				6691AE5E260B787F00C1CF2A /* SceneDelegate.swift */,
			);
			path = AppSceneDelegate;
			sourceTree = "<group>";
		};
/* End PBXGroup section */

/* Begin PBXNativeTarget section */
		6691AE58260B787F00C1CF2A /* RememberYourTrip */ = {
			isa = PBXNativeTarget;
			buildConfigurationList = 6691AE6D260B788000C1CF2A /* Build configuration list for PBXNativeTarget "RememberYourTrip" */;
			buildPhases = (
				6691AE55260B787F00C1CF2A /* Sources */,
				6691AE56260B787F00C1CF2A /* Frameworks */,
				6691AE57260B787F00C1CF2A /* Resources */,
			);
			buildRules = (
			);
			dependencies = (
			);
			name = RememberYourTrip;
			productName = RememberYourTrip;
			productReference = 6691AE59260B787F00C1CF2A /* RememberYourTrip.app */;
			productType = "com.apple.product-type.application";
		};
/* End PBXNativeTarget section */

/* Begin PBXProject section */
		6691AE51260B787F00C1CF2A /* Project object */ = {
			isa = PBXProject;
			attributes = {
				LastSwiftUpdateCheck = 1240;
				LastUpgradeCheck = 1240;
				TargetAttributes = {
					6691AE58260B787F00C1CF2A = {
						CreatedOnToolsVersion = 12.4;
					};
				};
			};
			buildConfigurationList = 6691AE54260B787F00C1CF2A /* Build configuration list for PBXProject "RememberYourTrip" */;
			compatibilityVersion = "Xcode 9.3";
			developmentRegion = en;
			hasScannedForEncodings = 0;
			knownRegions = (
				en,
				Base,
			);
			mainGroup = 6691AE50260B787F00C1CF2A;
			productRefGroup = 6691AE5A260B787F00C1CF2A /* Products */;
			projectDirPath = "";
			projectRoot = "";
			targets = (
				6691AE58260B787F00C1CF2A /* RememberYourTrip */,
			);
		};
/* End PBXProject section */

/* Begin PBXResourcesBuildPhase section */
		6691AE57260B787F00C1CF2A /* Resources */ = {
			isa = PBXResourcesBuildPhase;
			buildActionMask = 2147483647;
			files = (
				6691AE72260B789700C1CF2A /* .gitignore in Resources */,
				6691AE69260B788000C1CF2A /* LaunchScreen.storyboard in Resources */,
				6691AE66260B788000C1CF2A /* Assets.xcassets in Resources */,
				6691AE64260B787F00C1CF2A /* Main.storyboard in Resources */,
			);
			runOnlyForDeploymentPostprocessing = 0;
		};
/* End PBXResourcesBuildPhase section */

/* Begin PBXSourcesBuildPhase section */
		6691AE55260B787F00C1CF2A /* Sources */ = {
			isa = PBXSourcesBuildPhase;
			buildActionMask = 2147483647;
			files = (
				6691AE89260C868300C1CF2A /* RememberYourTripModel.xcdatamodeld in Sources */,
				6691AE79260B9F5300C1CF2A /* Extensions.swift in Sources */,
				660E6B28260DCA3A00C0B55B /* TripsController+TableView.swift in Sources */,
				6691AE75260B967500C1CF2A /* CustomNavigationController.swift in Sources */,
				6691AE61260B787F00C1CF2A /* TripsController.swift in Sources */,
				6691AE5D260B787F00C1CF2A /* AppDelegate.swift in Sources */,
				6691AE93260C968200C1CF2A /* CoreDataManager.swift in Sources */,
				6691AE80260BBD5800C1CF2A /* CreateTripController.swift in Sources */,
				6691AE5F260B787F00C1CF2A /* SceneDelegate.swift in Sources */,
				660E6B24260DC7A600C0B55B /* TripsController+CreateTrip.swift in Sources */,
				6691AE97260CF91D00C1CF2A /* TripsCustomCell.swift in Sources */,
			);
			runOnlyForDeploymentPostprocessing = 0;
		};
/* End PBXSourcesBuildPhase section */

/* Begin PBXVariantGroup section */
		6691AE62260B787F00C1CF2A /* Main.storyboard */ = {
			isa = PBXVariantGroup;
			children = (
				6691AE63260B787F00C1CF2A /* Base */,
			);
			name = Main.storyboard;
			sourceTree = "<group>";
		};
		6691AE67260B788000C1CF2A /* LaunchScreen.storyboard */ = {
			isa = PBXVariantGroup;
			children = (
				6691AE68260B788000C1CF2A /* Base */,
			);
			name = LaunchScreen.storyboard;
			sourceTree = "<group>";
		};
/* End PBXVariantGroup section */

/* Begin XCBuildConfiguration section */
		6691AE6B260B788000C1CF2A /* Debug */ = {
			isa = XCBuildConfiguration;
			buildSettings = {
				ALWAYS_SEARCH_USER_PATHS = NO;
				CLANG_ANALYZER_NONNULL = YES;
				CLANG_ANALYZER_NUMBER_OBJECT_CONVERSION = YES_AGGRESSIVE;
				CLANG_CXX_LANGUAGE_STANDARD = "gnu++14";
				CLANG_CXX_LIBRARY = "libc++";
				CLANG_ENABLE_MODULES = YES;
				CLANG_ENABLE_OBJC_ARC = YES;
				CLANG_ENABLE_OBJC_WEAK = YES;
				CLANG_WARN_BLOCK_CAPTURE_AUTORELEASING = YES;
				CLANG_WARN_BOOL_CONVERSION = YES;
				CLANG_WARN_COMMA = YES;
				CLANG_WARN_CONSTANT_CONVERSION = YES;
				CLANG_WARN_DEPRECATED_OBJC_IMPLEMENTATIONS = YES;
				CLANG_WARN_DIRECT_OBJC_ISA_USAGE = YES_ERROR;
				CLANG_WARN_DOCUMENTATION_COMMENTS = YES;
				CLANG_WARN_EMPTY_BODY = YES;
				CLANG_WARN_ENUM_CONVERSION = YES;
				CLANG_WARN_INFINITE_RECURSION = YES;
				CLANG_WARN_INT_CONVERSION = YES;
				CLANG_WARN_NON_LITERAL_NULL_CONVERSION = YES;
				CLANG_WARN_OBJC_IMPLICIT_RETAIN_SELF = YES;
				CLANG_WARN_OBJC_LITERAL_CONVERSION = YES;
				CLANG_WARN_OBJC_ROOT_CLASS = YES_ERROR;
				CLANG_WARN_QUOTED_INCLUDE_IN_FRAMEWORK_HEADER = YES;
				CLANG_WARN_RANGE_LOOP_ANALYSIS = YES;
				CLANG_WARN_STRICT_PROTOTYPES = YES;
				CLANG_WARN_SUSPICIOUS_MOVE = YES;
				CLANG_WARN_UNGUARDED_AVAILABILITY = YES_AGGRESSIVE;
				CLANG_WARN_UNREACHABLE_CODE = YES;
				CLANG_WARN__DUPLICATE_METHOD_MATCH = YES;
				COPY_PHASE_STRIP = NO;
				DEBUG_INFORMATION_FORMAT = dwarf;
				ENABLE_STRICT_OBJC_MSGSEND = YES;
				ENABLE_TESTABILITY = YES;
				GCC_C_LANGUAGE_STANDARD = gnu11;
				GCC_DYNAMIC_NO_PIC = NO;
				GCC_NO_COMMON_BLOCKS = YES;
				GCC_OPTIMIZATION_LEVEL = 0;
				GCC_PREPROCESSOR_DEFINITIONS = (
					"DEBUG=1",
					"$(inherited)",
				);
				GCC_WARN_64_TO_32_BIT_CONVERSION = YES;
				GCC_WARN_ABOUT_RETURN_TYPE = YES_ERROR;
				GCC_WARN_UNDECLARED_SELECTOR = YES;
				GCC_WARN_UNINITIALIZED_AUTOS = YES_AGGRESSIVE;
				GCC_WARN_UNUSED_FUNCTION = YES;
				GCC_WARN_UNUSED_VARIABLE = YES;
				IPHONEOS_DEPLOYMENT_TARGET = 14.4;
				MTL_ENABLE_DEBUG_INFO = INCLUDE_SOURCE;
				MTL_FAST_MATH = YES;
				ONLY_ACTIVE_ARCH = YES;
				SDKROOT = iphoneos;
				SWIFT_ACTIVE_COMPILATION_CONDITIONS = DEBUG;
				SWIFT_OPTIMIZATION_LEVEL = "-Onone";
			};
			name = Debug;
		};
		6691AE6C260B788000C1CF2A /* Release */ = {
			isa = XCBuildConfiguration;
			buildSettings = {
				ALWAYS_SEARCH_USER_PATHS = NO;
				CLANG_ANALYZER_NONNULL = YES;
				CLANG_ANALYZER_NUMBER_OBJECT_CONVERSION = YES_AGGRESSIVE;
				CLANG_CXX_LANGUAGE_STANDARD = "gnu++14";
				CLANG_CXX_LIBRARY = "libc++";
				CLANG_ENABLE_MODULES = YES;
				CLANG_ENABLE_OBJC_ARC = YES;
				CLANG_ENABLE_OBJC_WEAK = YES;
				CLANG_WARN_BLOCK_CAPTURE_AUTORELEASING = YES;
				CLANG_WARN_BOOL_CONVERSION = YES;
				CLANG_WARN_COMMA = YES;
				CLANG_WARN_CONSTANT_CONVERSION = YES;
				CLANG_WARN_DEPRECATED_OBJC_IMPLEMENTATIONS = YES;
				CLANG_WARN_DIRECT_OBJC_ISA_USAGE = YES_ERROR;
				CLANG_WARN_DOCUMENTATION_COMMENTS = YES;
				CLANG_WARN_EMPTY_BODY = YES;
				CLANG_WARN_ENUM_CONVERSION = YES;
				CLANG_WARN_INFINITE_RECURSION = YES;
				CLANG_WARN_INT_CONVERSION = YES;
				CLANG_WARN_NON_LITERAL_NULL_CONVERSION = YES;
				CLANG_WARN_OBJC_IMPLICIT_RETAIN_SELF = YES;
				CLANG_WARN_OBJC_LITERAL_CONVERSION = YES;
				CLANG_WARN_OBJC_ROOT_CLASS = YES_ERROR;
				CLANG_WARN_QUOTED_INCLUDE_IN_FRAMEWORK_HEADER = YES;
				CLANG_WARN_RANGE_LOOP_ANALYSIS = YES;
				CLANG_WARN_STRICT_PROTOTYPES = YES;
				CLANG_WARN_SUSPICIOUS_MOVE = YES;
				CLANG_WARN_UNGUARDED_AVAILABILITY = YES_AGGRESSIVE;
				CLANG_WARN_UNREACHABLE_CODE = YES;
				CLANG_WARN__DUPLICATE_METHOD_MATCH = YES;
				COPY_PHASE_STRIP = NO;
				DEBUG_INFORMATION_FORMAT = "dwarf-with-dsym";
				ENABLE_NS_ASSERTIONS = NO;
				ENABLE_STRICT_OBJC_MSGSEND = YES;
				GCC_C_LANGUAGE_STANDARD = gnu11;
				GCC_NO_COMMON_BLOCKS = YES;
				GCC_WARN_64_TO_32_BIT_CONVERSION = YES;
				GCC_WARN_ABOUT_RETURN_TYPE = YES_ERROR;
				GCC_WARN_UNDECLARED_SELECTOR = YES;
				GCC_WARN_UNINITIALIZED_AUTOS = YES_AGGRESSIVE;
				GCC_WARN_UNUSED_FUNCTION = YES;
				GCC_WARN_UNUSED_VARIABLE = YES;
				IPHONEOS_DEPLOYMENT_TARGET = 14.4;
				MTL_ENABLE_DEBUG_INFO = NO;
				MTL_FAST_MATH = YES;
				SDKROOT = iphoneos;
				SWIFT_COMPILATION_MODE = wholemodule;
				SWIFT_OPTIMIZATION_LEVEL = "-O";
				VALIDATE_PRODUCT = YES;
			};
			name = Release;
		};
		6691AE6E260B788000C1CF2A /* Debug */ = {
			isa = XCBuildConfiguration;
			buildSettings = {
				ASSETCATALOG_COMPILER_APPICON_NAME = AppIcon;
				ASSETCATALOG_COMPILER_GLOBAL_ACCENT_COLOR_NAME = AccentColor;
				CODE_SIGN_STYLE = Automatic;
				DEVELOPMENT_TEAM = 94AP88933H;
				INFOPLIST_FILE = RememberYourTrip/Info.plist;
				LD_RUNPATH_SEARCH_PATHS = (
					"$(inherited)",
					"@executable_path/Frameworks",
				);
				PRODUCT_BUNDLE_IDENTIFIER = "Alex-Onoprienko.RememberYourTrip";
				PRODUCT_NAME = "$(TARGET_NAME)";
				SWIFT_VERSION = 5.0;
				TARGETED_DEVICE_FAMILY = "1,2";
			};
			name = Debug;
		};
		6691AE6F260B788000C1CF2A /* Release */ = {
			isa = XCBuildConfiguration;
			buildSettings = {
				ASSETCATALOG_COMPILER_APPICON_NAME = AppIcon;
				ASSETCATALOG_COMPILER_GLOBAL_ACCENT_COLOR_NAME = AccentColor;
				CODE_SIGN_STYLE = Automatic;
				DEVELOPMENT_TEAM = 94AP88933H;
				INFOPLIST_FILE = RememberYourTrip/Info.plist;
				LD_RUNPATH_SEARCH_PATHS = (
					"$(inherited)",
					"@executable_path/Frameworks",
				);
				PRODUCT_BUNDLE_IDENTIFIER = "Alex-Onoprienko.RememberYourTrip";
				PRODUCT_NAME = "$(TARGET_NAME)";
				SWIFT_VERSION = 5.0;
				TARGETED_DEVICE_FAMILY = "1,2";
			};
			name = Release;
		};
/* End XCBuildConfiguration section */

/* Begin XCConfigurationList section */
		6691AE54260B787F00C1CF2A /* Build configuration list for PBXProject "RememberYourTrip" */ = {
			isa = XCConfigurationList;
			buildConfigurations = (
				6691AE6B260B788000C1CF2A /* Debug */,
				6691AE6C260B788000C1CF2A /* Release */,
			);
			defaultConfigurationIsVisible = 0;
			defaultConfigurationName = Release;
		};
		6691AE6D260B788000C1CF2A /* Build configuration list for PBXNativeTarget "RememberYourTrip" */ = {
			isa = XCConfigurationList;
			buildConfigurations = (
				6691AE6E260B788000C1CF2A /* Debug */,
				6691AE6F260B788000C1CF2A /* Release */,
			);
			defaultConfigurationIsVisible = 0;
			defaultConfigurationName = Release;
		};
/* End XCConfigurationList section */

/* Begin XCVersionGroup section */
		6691AE87260C868300C1CF2A /* RememberYourTripModel.xcdatamodeld */ = {
			isa = XCVersionGroup;
			children = (
				6691AE88260C868300C1CF2A /* RememberYourTripModel.xcdatamodel */,
			);
			currentVersion = 6691AE88260C868300C1CF2A /* RememberYourTripModel.xcdatamodel */;
			path = RememberYourTripModel.xcdatamodeld;
			sourceTree = "<group>";
			versionGroupType = wrapper.xcdatamodel;
		};
/* End XCVersionGroup section */
	};
	rootObject = 6691AE51260B787F00C1CF2A /* Project object */;
}
